// !$*UTF8*$!
{
	archiveVersion = 1;
	classes = {
	};
	objectVersion = 50;
	objects = {

/* Begin PBXBuildFile section */
		F45CA6EF229859EF00D4D6D0 /* LaunchPromptController.m in Sources */ = {isa = PBXBuildFile; fileRef = F45CA6ED229859EF00D4D6D0 /* LaunchPromptController.m */; };
		F45CA6F0229859EF00D4D6D0 /* LaunchPrompt.xib in Resources */ = {isa = PBXBuildFile; fileRef = F45CA6EE229859EF00D4D6D0 /* LaunchPrompt.xib */; };
		F45CA6F52298629700D4D6D0 /* SelectableImageView.m in Sources */ = {isa = PBXBuildFile; fileRef = F45CA6F42298629700D4D6D0 /* SelectableImageView.m */; };
		F45CA6F82298B80500D4D6D0 /* LSUIElementApp.m in Sources */ = {isa = PBXBuildFile; fileRef = F45CA6F72298B80500D4D6D0 /* LSUIElementApp.m */; };
		F45CA6FB229980EE00D4D6D0 /* Alerts.m in Sources */ = {isa = PBXBuildFile; fileRef = F45CA6FA229980EE00D4D6D0 /* Alerts.m */; };
		F45CA6FE229989D800D4D6D0 /* STPathControl.m in Sources */ = {isa = PBXBuildFile; fileRef = F45CA6FD229989D800D4D6D0 /* STPathControl.m */; };
		F45D8BBC20FA6FCC00D6E8F6 /* PasteboardPathControl.m in Sources */ = {isa = PBXBuildFile; fileRef = F45D8BBB20FA6FCC00D6E8F6 /* PasteboardPathControl.m */; };
		F462A25F20E111CF0062B230 /* AppDelegate.m in Sources */ = {isa = PBXBuildFile; fileRef = F462A25E20E111CF0062B230 /* AppDelegate.m */; };
		F462A26420E111D10062B230 /* MainMenu.xib in Resources */ = {isa = PBXBuildFile; fileRef = F462A26220E111D10062B230 /* MainMenu.xib */; };
		F462A26720E111D10062B230 /* main.m in Sources */ = {isa = PBXBuildFile; fileRef = F462A26620E111D10062B230 /* main.m */; };
		F462A27320E1122A0062B230 /* SearchController.m in Sources */ = {isa = PBXBuildFile; fileRef = F462A27120E1122A0062B230 /* SearchController.m */; };
		F462A27420E1122A0062B230 /* SearchWindow.xib in Resources */ = {isa = PBXBuildFile; fileRef = F462A27220E1122A0062B230 /* SearchWindow.xib */; };
		F462A27720E117760062B230 /* SearchTask.m in Sources */ = {isa = PBXBuildFile; fileRef = F462A27620E117760062B230 /* SearchTask.m */; };
		F462A27A20E134EA0062B230 /* SearchItem.m in Sources */ = {isa = PBXBuildFile; fileRef = F462A27920E134EA0062B230 /* SearchItem.m */; };
		F471DF5E20F4D7060057E667 /* NSWorkspace+Additions.m in Sources */ = {isa = PBXBuildFile; fileRef = F471DF5C20F4D7060057E667 /* NSWorkspace+Additions.m */; };
		F471DF6020F4DAE70057E667 /* Credits.rtf in Resources */ = {isa = PBXBuildFile; fileRef = F471DF5F20F4DAE70057E667 /* Credits.rtf */; };
		F481834E22720145002738AE /* Defaults.plist in Resources */ = {isa = PBXBuildFile; fileRef = F481834D22720145002738AE /* Defaults.plist */; };
		F481835122726366002738AE /* SDOpenAtLogin.m in Sources */ = {isa = PBXBuildFile; fileRef = F481834F22726366002738AE /* SDOpenAtLogin.m */; };
		F48451E820F8E4CB005797C1 /* PasteboardTableView.m in Sources */ = {isa = PBXBuildFile; fileRef = F48451E720F8E4CB005797C1 /* PasteboardTableView.m */; };
		F48451F020F8F91C005797C1 /* dsa_pub.pem in Resources */ = {isa = PBXBuildFile; fileRef = F48451EF20F8F914005797C1 /* dsa_pub.pem */; };
		F48DC10520FCD16400B21222 /* AppIcon.icns in Resources */ = {isa = PBXBuildFile; fileRef = F48DC10420FCD16400B21222 /* AppIcon.icns */; };
		F498ADEF22666D2200CB6A6E /* Sparkle.framework in Frameworks */ = {isa = PBXBuildFile; fileRef = F498ADEE22666D2200CB6A6E /* Sparkle.framework */; };
		F498ADF022666D4300CB6A6E /* MASShortcut.framework in Frameworks */ = {isa = PBXBuildFile; fileRef = F498ADED22666CDB00CB6A6E /* MASShortcut.framework */; };
		F498ADF122666D4E00CB6A6E /* Sparkle.framework in Copy Frameworks */ = {isa = PBXBuildFile; fileRef = F498ADEE22666D2200CB6A6E /* Sparkle.framework */; settings = {ATTRIBUTES = (CodeSignOnCopy, RemoveHeadersOnCopy, ); }; };
		F498ADF222666D5000CB6A6E /* MASShortcut.framework in Copy Frameworks */ = {isa = PBXBuildFile; fileRef = F498ADED22666CDB00CB6A6E /* MASShortcut.framework */; settings = {ATTRIBUTES = (CodeSignOnCopy, RemoveHeadersOnCopy, ); }; };
		F498ADF62267988000CB6A6E /* STPrivilegedTask.m in Sources */ = {isa = PBXBuildFile; fileRef = F498ADF42267988000CB6A6E /* STPrivilegedTask.m */; };
		F4A5CF0120ED7E15008D0A06 /* searchfs in Resources */ = {isa = PBXBuildFile; fileRef = F4A5CF0020ED7E15008D0A06 /* searchfs */; };
		F4A7BA7F20EBA74C00083B48 /* STVolumesPopupButton.m in Sources */ = {isa = PBXBuildFile; fileRef = F4A7BA7E20EBA74C00083B48 /* STVolumesPopupButton.m */; };
		F4A7BA8520EC208F00083B48 /* NSTableView+PreserveSelection.m in Sources */ = {isa = PBXBuildFile; fileRef = F4A7BA8420EC208F00083B48 /* NSTableView+PreserveSelection.m */; };
		F4CB199D2291064000265CE8 /* Assets.xcassets in Resources */ = {isa = PBXBuildFile; fileRef = F462A26020E111D10062B230 /* Assets.xcassets */; };
		F4CB19A022919A9200265CE8 /* SavedSearch.m in Sources */ = {isa = PBXBuildFile; fileRef = F4CB199F22919A9200265CE8 /* SavedSearch.m */; };
		F4CB19A22291A2E800265CE8 /* MASPreferences.framework in Frameworks */ = {isa = PBXBuildFile; fileRef = F4CB19A12291A2E800265CE8 /* MASPreferences.framework */; };
		F4CB19A42291A30A00265CE8 /* MASPreferences.framework in Copy Frameworks */ = {isa = PBXBuildFile; fileRef = F4CB19A12291A2E800265CE8 /* MASPreferences.framework */; settings = {ATTRIBUTES = (CodeSignOnCopy, RemoveHeadersOnCopy, ); }; };
		F4CB19AB2291A84400265CE8 /* GeneralPreferencesView.xib in Resources */ = {isa = PBXBuildFile; fileRef = F4CB19A52291A84300265CE8 /* GeneralPreferencesView.xib */; };
		F4CB19AC2291A84400265CE8 /* SearchPreferencesController.m in Sources */ = {isa = PBXBuildFile; fileRef = F4CB19A62291A84300265CE8 /* SearchPreferencesController.m */; };
		F4CB19AD2291A84400265CE8 /* GeneralPreferencesController.m in Sources */ = {isa = PBXBuildFile; fileRef = F4CB19A72291A84400265CE8 /* GeneralPreferencesController.m */; };
		F4CB19AE2291A84400265CE8 /* SearchPreferencesView.xib in Resources */ = {isa = PBXBuildFile; fileRef = F4CB19A92291A84400265CE8 /* SearchPreferencesView.xib */; };
		F4CB19B32291AA4A00265CE8 /* ToolPreferencesController.m in Sources */ = {isa = PBXBuildFile; fileRef = F4CB19B02291AA4A00265CE8 /* ToolPreferencesController.m */; };
		F4CB19B42291AA4A00265CE8 /* ToolPreferencesView.xib in Resources */ = {isa = PBXBuildFile; fileRef = F4CB19B22291AA4A00265CE8 /* ToolPreferencesView.xib */; };
		F4CB19B82291BB0300265CE8 /* AdvancedPreferencesView.xib in Resources */ = {isa = PBXBuildFile; fileRef = F4CB19B52291BB0300265CE8 /* AdvancedPreferencesView.xib */; };
		F4CB19B92291BB0300265CE8 /* AdvancedPreferencesController.m in Sources */ = {isa = PBXBuildFile; fileRef = F4CB19B72291BB0300265CE8 /* AdvancedPreferencesController.m */; };
		F4CB19BC229330BC00265CE8 /* PrefsController.m in Sources */ = {isa = PBXBuildFile; fileRef = F4CB19BB229330BC00265CE8 /* PrefsController.m */; };
		F4CB19BE2294399B00265CE8 /* QuartzCore.framework in Frameworks */ = {isa = PBXBuildFile; fileRef = F4CB19BD2294399B00265CE8 /* QuartzCore.framework */; };
		F4CB19C62294450900265CE8 /* DateFormatter.m in Sources */ = {isa = PBXBuildFile; fileRef = F4CB19C52294450900265CE8 /* DateFormatter.m */; };
		F4CB19C92294769700265CE8 /* OptClipView.m in Sources */ = {isa = PBXBuildFile; fileRef = F4CB19C82294769700265CE8 /* OptClipView.m */; };
		F4CB19CC2294770D00265CE8 /* OptScrollView.m in Sources */ = {isa = PBXBuildFile; fileRef = F4CB19CB2294770C00265CE8 /* OptScrollView.m */; };
/* End PBXBuildFile section */

/* Begin PBXCopyFilesBuildPhase section */
		F48451F420F8FA19005797C1 /* Copy Frameworks */ = {
			isa = PBXCopyFilesBuildPhase;
			buildActionMask = 2147483647;
			dstPath = "";
			dstSubfolderSpec = 10;
			files = (
				F4CB19A42291A30A00265CE8 /* MASPreferences.framework in Copy Frameworks */,
				F498ADF122666D4E00CB6A6E /* Sparkle.framework in Copy Frameworks */,
				F498ADF222666D5000CB6A6E /* MASShortcut.framework in Copy Frameworks */,
			);
			name = "Copy Frameworks";
			runOnlyForDeploymentPostprocessing = 0;
		};
/* End PBXCopyFilesBuildPhase section */

/* Begin PBXFileReference section */
		F45CA6EC229859EF00D4D6D0 /* LaunchPromptController.h */ = {isa = PBXFileReference; lastKnownFileType = sourcecode.c.h; path = LaunchPromptController.h; sourceTree = "<group>"; };
		F45CA6ED229859EF00D4D6D0 /* LaunchPromptController.m */ = {isa = PBXFileReference; lastKnownFileType = sourcecode.c.objc; path = LaunchPromptController.m; sourceTree = "<group>"; };
		F45CA6EE229859EF00D4D6D0 /* LaunchPrompt.xib */ = {isa = PBXFileReference; lastKnownFileType = file.xib; path = LaunchPrompt.xib; sourceTree = "<group>"; };
		F45CA6F32298629700D4D6D0 /* SelectableImageView.h */ = {isa = PBXFileReference; lastKnownFileType = sourcecode.c.h; path = SelectableImageView.h; sourceTree = "<group>"; };
		F45CA6F42298629700D4D6D0 /* SelectableImageView.m */ = {isa = PBXFileReference; lastKnownFileType = sourcecode.c.objc; path = SelectableImageView.m; sourceTree = "<group>"; };
		F45CA6F62298B80500D4D6D0 /* LSUIElementApp.h */ = {isa = PBXFileReference; lastKnownFileType = sourcecode.c.h; path = LSUIElementApp.h; sourceTree = "<group>"; };
		F45CA6F72298B80500D4D6D0 /* LSUIElementApp.m */ = {isa = PBXFileReference; lastKnownFileType = sourcecode.c.objc; path = LSUIElementApp.m; sourceTree = "<group>"; };
		F45CA6F9229980EE00D4D6D0 /* Alerts.h */ = {isa = PBXFileReference; fileEncoding = 4; lastKnownFileType = sourcecode.c.h; path = Alerts.h; sourceTree = "<group>"; };
		F45CA6FA229980EE00D4D6D0 /* Alerts.m */ = {isa = PBXFileReference; fileEncoding = 4; lastKnownFileType = sourcecode.c.objc; path = Alerts.m; sourceTree = "<group>"; };
		F45CA6FC229989D800D4D6D0 /* STPathControl.h */ = {isa = PBXFileReference; lastKnownFileType = sourcecode.c.h; path = STPathControl.h; sourceTree = "<group>"; };
		F45CA6FD229989D800D4D6D0 /* STPathControl.m */ = {isa = PBXFileReference; lastKnownFileType = sourcecode.c.objc; path = STPathControl.m; sourceTree = "<group>"; };
		F45D8BBA20FA6FCC00D6E8F6 /* PasteboardPathControl.h */ = {isa = PBXFileReference; lastKnownFileType = sourcecode.c.h; path = PasteboardPathControl.h; sourceTree = "<group>"; };
		F45D8BBB20FA6FCC00D6E8F6 /* PasteboardPathControl.m */ = {isa = PBXFileReference; lastKnownFileType = sourcecode.c.objc; path = PasteboardPathControl.m; sourceTree = "<group>"; };
		F462A25A20E111CF0062B230 /* KatSearch.app */ = {isa = PBXFileReference; explicitFileType = wrapper.application; includeInIndex = 0; path = KatSearch.app; sourceTree = BUILT_PRODUCTS_DIR; };
		F462A25D20E111CF0062B230 /* AppDelegate.h */ = {isa = PBXFileReference; lastKnownFileType = sourcecode.c.h; path = AppDelegate.h; sourceTree = "<group>"; };
		F462A25E20E111CF0062B230 /* AppDelegate.m */ = {isa = PBXFileReference; lastKnownFileType = sourcecode.c.objc; path = AppDelegate.m; sourceTree = "<group>"; };
		F462A26020E111D10062B230 /* Assets.xcassets */ = {isa = PBXFileReference; lastKnownFileType = folder.assetcatalog; path = Assets.xcassets; sourceTree = "<group>"; };
		F462A26320E111D10062B230 /* Base */ = {isa = PBXFileReference; lastKnownFileType = file.xib; name = Base; path = Base.lproj/MainMenu.xib; sourceTree = "<group>"; };
		F462A26520E111D10062B230 /* Info.plist */ = {isa = PBXFileReference; lastKnownFileType = text.plist.xml; path = Info.plist; sourceTree = "<group>"; };
		F462A26620E111D10062B230 /* main.m */ = {isa = PBXFileReference; lastKnownFileType = sourcecode.c.objc; path = main.m; sourceTree = "<group>"; };
		F462A27020E1122A0062B230 /* SearchController.h */ = {isa = PBXFileReference; lastKnownFileType = sourcecode.c.h; path = SearchController.h; sourceTree = "<group>"; };
		F462A27120E1122A0062B230 /* SearchController.m */ = {isa = PBXFileReference; lastKnownFileType = sourcecode.c.objc; path = SearchController.m; sourceTree = "<group>"; };
		F462A27220E1122A0062B230 /* SearchWindow.xib */ = {isa = PBXFileReference; lastKnownFileType = file.xib; path = SearchWindow.xib; sourceTree = "<group>"; };
		F462A27520E117760062B230 /* SearchTask.h */ = {isa = PBXFileReference; lastKnownFileType = sourcecode.c.h; path = SearchTask.h; sourceTree = "<group>"; };
		F462A27620E117760062B230 /* SearchTask.m */ = {isa = PBXFileReference; lastKnownFileType = sourcecode.c.objc; path = SearchTask.m; sourceTree = "<group>"; };
		F462A27820E134EA0062B230 /* SearchItem.h */ = {isa = PBXFileReference; lastKnownFileType = sourcecode.c.h; path = SearchItem.h; sourceTree = "<group>"; };
		F462A27920E134EA0062B230 /* SearchItem.m */ = {isa = PBXFileReference; lastKnownFileType = sourcecode.c.objc; path = SearchItem.m; sourceTree = "<group>"; };
		F471DF5C20F4D7060057E667 /* NSWorkspace+Additions.m */ = {isa = PBXFileReference; fileEncoding = 4; lastKnownFileType = sourcecode.c.objc; path = "NSWorkspace+Additions.m"; sourceTree = "<group>"; };
		F471DF5D20F4D7060057E667 /* NSWorkspace+Additions.h */ = {isa = PBXFileReference; fileEncoding = 4; lastKnownFileType = sourcecode.c.h; path = "NSWorkspace+Additions.h"; sourceTree = "<group>"; };
		F471DF5F20F4DAE70057E667 /* Credits.rtf */ = {isa = PBXFileReference; fileEncoding = 4; lastKnownFileType = text.rtf; path = Credits.rtf; sourceTree = "<group>"; };
		F471DF6520F7AF6D0057E667 /* License.txt */ = {isa = PBXFileReference; lastKnownFileType = text; path = License.txt; sourceTree = "<group>"; };
		F471DF6620F7AF6D0057E667 /* README.md */ = {isa = PBXFileReference; lastKnownFileType = net.daringfireball.markdown; path = README.md; sourceTree = "<group>"; };
		F47967392250102900CA0746 /* Common.h */ = {isa = PBXFileReference; lastKnownFileType = sourcecode.c.h; path = Common.h; sourceTree = "<group>"; };
		F481834D22720145002738AE /* Defaults.plist */ = {isa = PBXFileReference; fileEncoding = 4; lastKnownFileType = text.plist.xml; path = Defaults.plist; sourceTree = "<group>"; };
		F481834F22726366002738AE /* SDOpenAtLogin.m */ = {isa = PBXFileReference; fileEncoding = 4; lastKnownFileType = sourcecode.c.objc; path = SDOpenAtLogin.m; sourceTree = "<group>"; };
		F481835022726366002738AE /* SDOpenAtLogin.h */ = {isa = PBXFileReference; fileEncoding = 4; lastKnownFileType = sourcecode.c.h; path = SDOpenAtLogin.h; sourceTree = "<group>"; };
		F48451E520F8DE31005797C1 /* CHANGES.txt */ = {isa = PBXFileReference; lastKnownFileType = text; path = CHANGES.txt; sourceTree = "<group>"; };
		F48451E620F8E4CB005797C1 /* PasteboardTableView.h */ = {isa = PBXFileReference; lastKnownFileType = sourcecode.c.h; path = PasteboardTableView.h; sourceTree = "<group>"; };
		F48451E720F8E4CB005797C1 /* PasteboardTableView.m */ = {isa = PBXFileReference; lastKnownFileType = sourcecode.c.objc; path = PasteboardTableView.m; sourceTree = "<group>"; };
		F48451EA20F8F914005797C1 /* update_appcast.sh */ = {isa = PBXFileReference; lastKnownFileType = text.script.sh; path = update_appcast.sh; sourceTree = "<group>"; };
		F48451EC20F8F914005797C1 /* KatSearchAppcast.xml */ = {isa = PBXFileReference; lastKnownFileType = text.xml; path = KatSearchAppcast.xml; sourceTree = "<group>"; };
		F48451ED20F8F914005797C1 /* sign_update.rb */ = {isa = PBXFileReference; lastKnownFileType = text.script.ruby; path = sign_update.rb; sourceTree = "<group>"; };
		F48451EE20F8F914005797C1 /* dsa_priv.pem */ = {isa = PBXFileReference; lastKnownFileType = text; path = dsa_priv.pem; sourceTree = "<group>"; };
		F48451EF20F8F914005797C1 /* dsa_pub.pem */ = {isa = PBXFileReference; lastKnownFileType = text; path = dsa_pub.pem; sourceTree = "<group>"; };
		F48DC10420FCD16400B21222 /* AppIcon.icns */ = {isa = PBXFileReference; lastKnownFileType = image.icns; path = AppIcon.icns; sourceTree = "<group>"; };
		F498ADED22666CDB00CB6A6E /* MASShortcut.framework */ = {isa = PBXFileReference; lastKnownFileType = wrapper.framework; path = MASShortcut.framework; sourceTree = "<group>"; };
		F498ADEE22666D2200CB6A6E /* Sparkle.framework */ = {isa = PBXFileReference; lastKnownFileType = wrapper.framework; path = Sparkle.framework; sourceTree = "<group>"; };
		F498ADF32266A91500CB6A6E /* PasteboardDelegate.h */ = {isa = PBXFileReference; lastKnownFileType = sourcecode.c.h; path = PasteboardDelegate.h; sourceTree = "<group>"; };
		F498ADF42267988000CB6A6E /* STPrivilegedTask.m */ = {isa = PBXFileReference; fileEncoding = 4; lastKnownFileType = sourcecode.c.objc; path = STPrivilegedTask.m; sourceTree = "<group>"; };
		F498ADF52267988000CB6A6E /* STPrivilegedTask.h */ = {isa = PBXFileReference; fileEncoding = 4; lastKnownFileType = sourcecode.c.h; path = STPrivilegedTask.h; sourceTree = "<group>"; };
		F4A5CF0020ED7E15008D0A06 /* searchfs */ = {isa = PBXFileReference; lastKnownFileType = "compiled.mach-o.executable"; path = searchfs; sourceTree = "<group>"; };
		F4A7BA7D20EBA74C00083B48 /* STVolumesPopupButton.h */ = {isa = PBXFileReference; lastKnownFileType = sourcecode.c.h; path = STVolumesPopupButton.h; sourceTree = "<group>"; };
		F4A7BA7E20EBA74C00083B48 /* STVolumesPopupButton.m */ = {isa = PBXFileReference; lastKnownFileType = sourcecode.c.objc; path = STVolumesPopupButton.m; sourceTree = "<group>"; };
		F4A7BA8320EC208F00083B48 /* NSTableView+PreserveSelection.h */ = {isa = PBXFileReference; fileEncoding = 4; lastKnownFileType = sourcecode.c.h; path = "NSTableView+PreserveSelection.h"; sourceTree = "<group>"; };
		F4A7BA8420EC208F00083B48 /* NSTableView+PreserveSelection.m */ = {isa = PBXFileReference; fileEncoding = 4; lastKnownFileType = sourcecode.c.objc; path = "NSTableView+PreserveSelection.m"; sourceTree = "<group>"; };
		F4CB199E22919A9200265CE8 /* SavedSearch.h */ = {isa = PBXFileReference; lastKnownFileType = sourcecode.c.h; path = SavedSearch.h; sourceTree = "<group>"; };
		F4CB199F22919A9200265CE8 /* SavedSearch.m */ = {isa = PBXFileReference; lastKnownFileType = sourcecode.c.objc; path = SavedSearch.m; sourceTree = "<group>"; };
		F4CB19A12291A2E800265CE8 /* MASPreferences.framework */ = {isa = PBXFileReference; lastKnownFileType = wrapper.framework; path = MASPreferences.framework; sourceTree = "<group>"; };
		F4CB19A52291A84300265CE8 /* GeneralPreferencesView.xib */ = {isa = PBXFileReference; fileEncoding = 4; lastKnownFileType = file.xib; path = GeneralPreferencesView.xib; sourceTree = "<group>"; };
		F4CB19A62291A84300265CE8 /* SearchPreferencesController.m */ = {isa = PBXFileReference; fileEncoding = 4; lastKnownFileType = sourcecode.c.objc; path = SearchPreferencesController.m; sourceTree = "<group>"; };
		F4CB19A72291A84400265CE8 /* GeneralPreferencesController.m */ = {isa = PBXFileReference; fileEncoding = 4; lastKnownFileType = sourcecode.c.objc; path = GeneralPreferencesController.m; sourceTree = "<group>"; };
		F4CB19A82291A84400265CE8 /* SearchPreferencesController.h */ = {isa = PBXFileReference; fileEncoding = 4; lastKnownFileType = sourcecode.c.h; path = SearchPreferencesController.h; sourceTree = "<group>"; };
		F4CB19A92291A84400265CE8 /* SearchPreferencesView.xib */ = {isa = PBXFileReference; fileEncoding = 4; lastKnownFileType = file.xib; path = SearchPreferencesView.xib; sourceTree = "<group>"; };
		F4CB19AA2291A84400265CE8 /* GeneralPreferencesController.h */ = {isa = PBXFileReference; fileEncoding = 4; lastKnownFileType = sourcecode.c.h; path = GeneralPreferencesController.h; sourceTree = "<group>"; };
		F4CB19B02291AA4A00265CE8 /* ToolPreferencesController.m */ = {isa = PBXFileReference; fileEncoding = 4; lastKnownFileType = sourcecode.c.objc; path = ToolPreferencesController.m; sourceTree = "<group>"; };
		F4CB19B12291AA4A00265CE8 /* ToolPreferencesController.h */ = {isa = PBXFileReference; fileEncoding = 4; lastKnownFileType = sourcecode.c.h; path = ToolPreferencesController.h; sourceTree = "<group>"; };
		F4CB19B22291AA4A00265CE8 /* ToolPreferencesView.xib */ = {isa = PBXFileReference; fileEncoding = 4; lastKnownFileType = file.xib; path = ToolPreferencesView.xib; sourceTree = "<group>"; };
		F4CB19B52291BB0300265CE8 /* AdvancedPreferencesView.xib */ = {isa = PBXFileReference; fileEncoding = 4; lastKnownFileType = file.xib; path = AdvancedPreferencesView.xib; sourceTree = "<group>"; };
		F4CB19B62291BB0300265CE8 /* AdvancedPreferencesController.h */ = {isa = PBXFileReference; fileEncoding = 4; lastKnownFileType = sourcecode.c.h; path = AdvancedPreferencesController.h; sourceTree = "<group>"; };
		F4CB19B72291BB0300265CE8 /* AdvancedPreferencesController.m */ = {isa = PBXFileReference; fileEncoding = 4; lastKnownFileType = sourcecode.c.objc; path = AdvancedPreferencesController.m; sourceTree = "<group>"; };
		F4CB19BA229330BC00265CE8 /* PrefsController.h */ = {isa = PBXFileReference; lastKnownFileType = sourcecode.c.h; path = PrefsController.h; sourceTree = "<group>"; };
		F4CB19BB229330BC00265CE8 /* PrefsController.m */ = {isa = PBXFileReference; lastKnownFileType = sourcecode.c.objc; path = PrefsController.m; sourceTree = "<group>"; };
		F4CB19BD2294399B00265CE8 /* QuartzCore.framework */ = {isa = PBXFileReference; lastKnownFileType = wrapper.framework; name = QuartzCore.framework; path = System/Library/Frameworks/QuartzCore.framework; sourceTree = SDKROOT; };
		F4CB19C42294450900265CE8 /* DateFormatter.h */ = {isa = PBXFileReference; lastKnownFileType = sourcecode.c.h; path = DateFormatter.h; sourceTree = "<group>"; };
		F4CB19C52294450900265CE8 /* DateFormatter.m */ = {isa = PBXFileReference; lastKnownFileType = sourcecode.c.objc; path = DateFormatter.m; sourceTree = "<group>"; };
		F4CB19C72294769700265CE8 /* OptClipView.h */ = {isa = PBXFileReference; lastKnownFileType = sourcecode.c.h; path = OptClipView.h; sourceTree = "<group>"; };
		F4CB19C82294769700265CE8 /* OptClipView.m */ = {isa = PBXFileReference; lastKnownFileType = sourcecode.c.objc; path = OptClipView.m; sourceTree = "<group>"; };
		F4CB19CA2294770C00265CE8 /* OptScrollView.h */ = {isa = PBXFileReference; lastKnownFileType = sourcecode.c.h; path = OptScrollView.h; sourceTree = "<group>"; };
		F4CB19CB2294770C00265CE8 /* OptScrollView.m */ = {isa = PBXFileReference; lastKnownFileType = sourcecode.c.objc; path = OptScrollView.m; sourceTree = "<group>"; };
		F4E32305225BDB1300C89C81 /* Makefile */ = {isa = PBXFileReference; lastKnownFileType = sourcecode.make; path = Makefile; sourceTree = "<group>"; };
/* End PBXFileReference section */

/* Begin PBXFrameworksBuildPhase section */
		F462A25720E111CF0062B230 /* Frameworks */ = {
			isa = PBXFrameworksBuildPhase;
			buildActionMask = 2147483647;
			files = (
				F4CB19BE2294399B00265CE8 /* QuartzCore.framework in Frameworks */,
				F4CB19A22291A2E800265CE8 /* MASPreferences.framework in Frameworks */,
				F498ADF022666D4300CB6A6E /* MASShortcut.framework in Frameworks */,
				F498ADEF22666D2200CB6A6E /* Sparkle.framework in Frameworks */,
			);
			runOnlyForDeploymentPostprocessing = 0;
		};
/* End PBXFrameworksBuildPhase section */

/* Begin PBXGroup section */
		F45CA6F2229861BF00D4D6D0 /* Launch Prompt */ = {
			isa = PBXGroup;
			children = (
				F45CA6EC229859EF00D4D6D0 /* LaunchPromptController.h */,
				F45CA6ED229859EF00D4D6D0 /* LaunchPromptController.m */,
				F45CA6EE229859EF00D4D6D0 /* LaunchPrompt.xib */,
				F45CA6F32298629700D4D6D0 /* SelectableImageView.h */,
				F45CA6F42298629700D4D6D0 /* SelectableImageView.m */,
			);
			path = "Launch Prompt";
			sourceTree = "<group>";
		};
		F462A25120E111CF0062B230 = {
			isa = PBXGroup;
			children = (
				F471DF6620F7AF6D0057E667 /* README.md */,
				F48451E520F8DE31005797C1 /* CHANGES.txt */,
				F471DF6520F7AF6D0057E667 /* License.txt */,
				F4E32305225BDB1300C89C81 /* Makefile */,
				F462A25C20E111CF0062B230 /* KatSearch */,
				F48451E920F8F914005797C1 /* Sparkle */,
				F498ADEC22666CDB00CB6A6E /* Frameworks */,
				F462A25B20E111CF0062B230 /* Products */,
			);
			sourceTree = "<group>";
		};
		F462A25B20E111CF0062B230 /* Products */ = {
			isa = PBXGroup;
			children = (
				F462A25A20E111CF0062B230 /* KatSearch.app */,
			);
			name = Products;
			sourceTree = "<group>";
		};
		F462A25C20E111CF0062B230 /* KatSearch */ = {
			isa = PBXGroup;
			children = (
				F462A26620E111D10062B230 /* main.m */,
				F47967392250102900CA0746 /* Common.h */,
				F462A25D20E111CF0062B230 /* AppDelegate.h */,
				F462A25E20E111CF0062B230 /* AppDelegate.m */,
				F462A27020E1122A0062B230 /* SearchController.h */,
				F462A27120E1122A0062B230 /* SearchController.m */,
				F462A27520E117760062B230 /* SearchTask.h */,
				F462A27620E117760062B230 /* SearchTask.m */,
				F462A27820E134EA0062B230 /* SearchItem.h */,
				F462A27920E134EA0062B230 /* SearchItem.m */,
				F4CB199E22919A9200265CE8 /* SavedSearch.h */,
				F4CB199F22919A9200265CE8 /* SavedSearch.m */,
				F45CA6F2229861BF00D4D6D0 /* Launch Prompt */,
				F4CB19AF2291A85700265CE8 /* Preferences */,
				F471DF6120F52A200057E667 /* Util */,
				F462A26F20E111FB0062B230 /* Resources */,
			);
			path = KatSearch;
			sourceTree = "<group>";
		};
		F462A26F20E111FB0062B230 /* Resources */ = {
			isa = PBXGroup;
			children = (
				F462A26520E111D10062B230 /* Info.plist */,
				F481834D22720145002738AE /* Defaults.plist */,
				F462A26020E111D10062B230 /* Assets.xcassets */,
				F462A26220E111D10062B230 /* MainMenu.xib */,
				F462A27220E1122A0062B230 /* SearchWindow.xib */,
				F471DF5F20F4DAE70057E667 /* Credits.rtf */,
				F48DC10420FCD16400B21222 /* AppIcon.icns */,
				F4A5CF0020ED7E15008D0A06 /* searchfs */,
			);
			path = Resources;
			sourceTree = "<group>";
		};
		F471DF6120F52A200057E667 /* Util */ = {
			isa = PBXGroup;
			children = (
				F45CA6F9229980EE00D4D6D0 /* Alerts.h */,
				F45CA6FA229980EE00D4D6D0 /* Alerts.m */,
				F45CA6F62298B80500D4D6D0 /* LSUIElementApp.h */,
				F45CA6F72298B80500D4D6D0 /* LSUIElementApp.m */,
				F45CA6FC229989D800D4D6D0 /* STPathControl.h */,
				F45CA6FD229989D800D4D6D0 /* STPathControl.m */,
				F4CB19CA2294770C00265CE8 /* OptScrollView.h */,
				F4CB19CB2294770C00265CE8 /* OptScrollView.m */,
				F4CB19C72294769700265CE8 /* OptClipView.h */,
				F4CB19C82294769700265CE8 /* OptClipView.m */,
				F4CB19C42294450900265CE8 /* DateFormatter.h */,
				F4CB19C52294450900265CE8 /* DateFormatter.m */,
				F498ADF32266A91500CB6A6E /* PasteboardDelegate.h */,
				F45D8BBA20FA6FCC00D6E8F6 /* PasteboardPathControl.h */,
				F45D8BBB20FA6FCC00D6E8F6 /* PasteboardPathControl.m */,
				F48451E620F8E4CB005797C1 /* PasteboardTableView.h */,
				F48451E720F8E4CB005797C1 /* PasteboardTableView.m */,
				F498ADF52267988000CB6A6E /* STPrivilegedTask.h */,
				F498ADF42267988000CB6A6E /* STPrivilegedTask.m */,
				F4A7BA7D20EBA74C00083B48 /* STVolumesPopupButton.h */,
				F4A7BA7E20EBA74C00083B48 /* STVolumesPopupButton.m */,
				F4A7BA8320EC208F00083B48 /* NSTableView+PreserveSelection.h */,
				F4A7BA8420EC208F00083B48 /* NSTableView+PreserveSelection.m */,
				F471DF5D20F4D7060057E667 /* NSWorkspace+Additions.h */,
				F471DF5C20F4D7060057E667 /* NSWorkspace+Additions.m */,
				F481835022726366002738AE /* SDOpenAtLogin.h */,
				F481834F22726366002738AE /* SDOpenAtLogin.m */,
			);
			path = Util;
			sourceTree = "<group>";
		};
		F48451E920F8F914005797C1 /* Sparkle */ = {
			isa = PBXGroup;
			children = (
				F48451EA20F8F914005797C1 /* update_appcast.sh */,
				F48451EC20F8F914005797C1 /* KatSearchAppcast.xml */,
				F48451ED20F8F914005797C1 /* sign_update.rb */,
				F48451EE20F8F914005797C1 /* dsa_priv.pem */,
				F48451EF20F8F914005797C1 /* dsa_pub.pem */,
			);
			path = Sparkle;
			sourceTree = SOURCE_ROOT;
		};
		F498ADEC22666CDB00CB6A6E /* Frameworks */ = {
			isa = PBXGroup;
			children = (
				F4CB19BD2294399B00265CE8 /* QuartzCore.framework */,
				F4CB19A12291A2E800265CE8 /* MASPreferences.framework */,
				F498ADEE22666D2200CB6A6E /* Sparkle.framework */,
				F498ADED22666CDB00CB6A6E /* MASShortcut.framework */,
			);
			path = Frameworks;
			sourceTree = "<group>";
		};
		F4CB19AF2291A85700265CE8 /* Preferences */ = {
			isa = PBXGroup;
			children = (
				F4CB19BA229330BC00265CE8 /* PrefsController.h */,
				F4CB19BB229330BC00265CE8 /* PrefsController.m */,
				F4CB19AA2291A84400265CE8 /* GeneralPreferencesController.h */,
				F4CB19A72291A84400265CE8 /* GeneralPreferencesController.m */,
				F4CB19A52291A84300265CE8 /* GeneralPreferencesView.xib */,
				F4CB19A82291A84400265CE8 /* SearchPreferencesController.h */,
				F4CB19A62291A84300265CE8 /* SearchPreferencesController.m */,
				F4CB19A92291A84400265CE8 /* SearchPreferencesView.xib */,
				F4CB19B62291BB0300265CE8 /* AdvancedPreferencesController.h */,
				F4CB19B72291BB0300265CE8 /* AdvancedPreferencesController.m */,
				F4CB19B52291BB0300265CE8 /* AdvancedPreferencesView.xib */,
				F4CB19B12291AA4A00265CE8 /* ToolPreferencesController.h */,
				F4CB19B02291AA4A00265CE8 /* ToolPreferencesController.m */,
				F4CB19B22291AA4A00265CE8 /* ToolPreferencesView.xib */,
			);
			path = Preferences;
			sourceTree = "<group>";
		};
/* End PBXGroup section */

/* Begin PBXNativeTarget section */
		F462A25920E111CF0062B230 /* KatSearch */ = {
			isa = PBXNativeTarget;
			buildConfigurationList = F462A26B20E111D10062B230 /* Build configuration list for PBXNativeTarget "KatSearch" */;
			buildPhases = (
				F48451F320F8F9E8005797C1 /* Set CFBundleVersion */,
				F462A25620E111CF0062B230 /* Sources */,
				F462A25720E111CF0062B230 /* Frameworks */,
				F462A25820E111CF0062B230 /* Resources */,
				F48451F420F8FA19005797C1 /* Copy Frameworks */,
			);
			buildRules = (
			);
			dependencies = (
			);
			name = KatSearch;
			productName = SearchFS;
			productReference = F462A25A20E111CF0062B230 /* KatSearch.app */;
			productType = "com.apple.product-type.application";
		};
/* End PBXNativeTarget section */

/* Begin PBXProject section */
		F462A25220E111CF0062B230 /* Project object */ = {
			isa = PBXProject;
			attributes = {
				LastUpgradeCheck = 1020;
				ORGANIZATIONNAME = "Sveinbjorn Thordarson";
				TargetAttributes = {
					F462A25920E111CF0062B230 = {
						CreatedOnToolsVersion = 9.4;
					};
				};
			};
			buildConfigurationList = F462A25520E111CF0062B230 /* Build configuration list for PBXProject "KatSearch" */;
			compatibilityVersion = "Xcode 9.3";
			developmentRegion = en;
			hasScannedForEncodings = 0;
			knownRegions = (
				en,
				Base,
			);
			mainGroup = F462A25120E111CF0062B230;
			productRefGroup = F462A25B20E111CF0062B230 /* Products */;
			projectDirPath = "";
			projectRoot = "";
			targets = (
				F462A25920E111CF0062B230 /* KatSearch */,
			);
		};
/* End PBXProject section */

/* Begin PBXResourcesBuildPhase section */
		F462A25820E111CF0062B230 /* Resources */ = {
			isa = PBXResourcesBuildPhase;
			buildActionMask = 2147483647;
			files = (
				F481834E22720145002738AE /* Defaults.plist in Resources */,
				F4CB19AE2291A84400265CE8 /* SearchPreferencesView.xib in Resources */,
				F4CB19AB2291A84400265CE8 /* GeneralPreferencesView.xib in Resources */,
				F4CB19B82291BB0300265CE8 /* AdvancedPreferencesView.xib in Resources */,
				F471DF6020F4DAE70057E667 /* Credits.rtf in Resources */,
				F48451F020F8F91C005797C1 /* dsa_pub.pem in Resources */,
				F48DC10520FCD16400B21222 /* AppIcon.icns in Resources */,
				F4CB19B42291AA4A00265CE8 /* ToolPreferencesView.xib in Resources */,
				F462A27420E1122A0062B230 /* SearchWindow.xib in Resources */,
				F45CA6F0229859EF00D4D6D0 /* LaunchPrompt.xib in Resources */,
				F462A26420E111D10062B230 /* MainMenu.xib in Resources */,
				F4CB199D2291064000265CE8 /* Assets.xcassets in Resources */,
				F4A5CF0120ED7E15008D0A06 /* searchfs in Resources */,
			);
			runOnlyForDeploymentPostprocessing = 0;
		};
/* End PBXResourcesBuildPhase section */

/* Begin PBXShellScriptBuildPhase section */
		F48451F320F8F9E8005797C1 /* Set CFBundleVersion */ = {
			isa = PBXShellScriptBuildPhase;
			buildActionMask = 2147483647;
			files = (
			);
			inputPaths = (
			);
			name = "Set CFBundleVersion";
			outputPaths = (
			);
			runOnlyForDeploymentPostprocessing = 0;
			shellPath = /bin/sh;
			shellScript = "#!/bin/sh\nBUILD_NUMBER=`git rev-list HEAD | wc -l`\n/usr/libexec/PlistBuddy -c \"Set :CFBundleVersion $BUILD_NUMBER\" \"${INFOPLIST_FILE}\"\nif [ \"$?\" -ne 0 ] ; then\necho \"warning:Error incrementing CFBundleVersion\"\nfi\n";
		};
/* End PBXShellScriptBuildPhase section */

/* Begin PBXSourcesBuildPhase section */
		F462A25620E111CF0062B230 /* Sources */ = {
			isa = PBXSourcesBuildPhase;
			buildActionMask = 2147483647;
			files = (
				F4CB19A022919A9200265CE8 /* SavedSearch.m in Sources */,
				F462A27720E117760062B230 /* SearchTask.m in Sources */,
				F4CB19CC2294770D00265CE8 /* OptScrollView.m in Sources */,
				F4CB19C92294769700265CE8 /* OptClipView.m in Sources */,
				F498ADF62267988000CB6A6E /* STPrivilegedTask.m in Sources */,
				F462A26720E111D10062B230 /* main.m in Sources */,
				F48451E820F8E4CB005797C1 /* PasteboardTableView.m in Sources */,
				F4CB19B92291BB0300265CE8 /* AdvancedPreferencesController.m in Sources */,
				F45CA6EF229859EF00D4D6D0 /* LaunchPromptController.m in Sources */,
				F45CA6F82298B80500D4D6D0 /* LSUIElementApp.m in Sources */,
				F4A7BA8520EC208F00083B48 /* NSTableView+PreserveSelection.m in Sources */,
				F462A27320E1122A0062B230 /* SearchController.m in Sources */,
				F4CB19BC229330BC00265CE8 /* PrefsController.m in Sources */,
				F45D8BBC20FA6FCC00D6E8F6 /* PasteboardPathControl.m in Sources */,
				F471DF5E20F4D7060057E667 /* NSWorkspace+Additions.m in Sources */,
				F4CB19AC2291A84400265CE8 /* SearchPreferencesController.m in Sources */,
				F4CB19B32291AA4A00265CE8 /* ToolPreferencesController.m in Sources */,
				F45CA6FB229980EE00D4D6D0 /* Alerts.m in Sources */,
				F481835122726366002738AE /* SDOpenAtLogin.m in Sources */,
				F4CB19AD2291A84400265CE8 /* GeneralPreferencesController.m in Sources */,
				F4A7BA7F20EBA74C00083B48 /* STVolumesPopupButton.m in Sources */,
				F462A27A20E134EA0062B230 /* SearchItem.m in Sources */,
				F45CA6F52298629700D4D6D0 /* SelectableImageView.m in Sources */,
				F45CA6FE229989D800D4D6D0 /* STPathControl.m in Sources */,
				F462A25F20E111CF0062B230 /* AppDelegate.m in Sources */,
				F4CB19C62294450900265CE8 /* DateFormatter.m in Sources */,
			);
			runOnlyForDeploymentPostprocessing = 0;
		};
/* End PBXSourcesBuildPhase section */

/* Begin PBXVariantGroup section */
		F462A26220E111D10062B230 /* MainMenu.xib */ = {
			isa = PBXVariantGroup;
			children = (
				F462A26320E111D10062B230 /* Base */,
			);
			name = MainMenu.xib;
			sourceTree = "<group>";
		};
/* End PBXVariantGroup section */

/* Begin XCBuildConfiguration section */
		F462A26920E111D10062B230 /* Debug */ = {
			isa = XCBuildConfiguration;
			buildSettings = {
				ALWAYS_SEARCH_USER_PATHS = NO;
				CLANG_ANALYZER_NONNULL = YES;
				CLANG_ANALYZER_NUMBER_OBJECT_CONVERSION = YES_AGGRESSIVE;
				CLANG_CXX_LANGUAGE_STANDARD = "gnu++14";
				CLANG_CXX_LIBRARY = "libc++";
				CLANG_ENABLE_MODULES = YES;
				CLANG_ENABLE_OBJC_ARC = YES;
				CLANG_ENABLE_OBJC_WEAK = YES;
				CLANG_WARN_BLOCK_CAPTURE_AUTORELEASING = YES;
				CLANG_WARN_BOOL_CONVERSION = YES;
				CLANG_WARN_COMMA = YES;
				CLANG_WARN_CONSTANT_CONVERSION = YES;
				CLANG_WARN_DEPRECATED_OBJC_IMPLEMENTATIONS = YES;
				CLANG_WARN_DIRECT_OBJC_ISA_USAGE = YES_ERROR;
				CLANG_WARN_DOCUMENTATION_COMMENTS = YES;
				CLANG_WARN_EMPTY_BODY = YES;
				CLANG_WARN_ENUM_CONVERSION = YES;
				CLANG_WARN_INFINITE_RECURSION = YES;
				CLANG_WARN_INT_CONVERSION = YES;
				CLANG_WARN_NON_LITERAL_NULL_CONVERSION = YES;
				CLANG_WARN_OBJC_IMPLICIT_RETAIN_SELF = NO;
				CLANG_WARN_OBJC_LITERAL_CONVERSION = YES;
				CLANG_WARN_OBJC_ROOT_CLASS = YES_ERROR;
				CLANG_WARN_RANGE_LOOP_ANALYSIS = YES;
				CLANG_WARN_STRICT_PROTOTYPES = YES;
				CLANG_WARN_SUSPICIOUS_MOVE = YES;
				CLANG_WARN_UNGUARDED_AVAILABILITY = YES_AGGRESSIVE;
				CLANG_WARN_UNREACHABLE_CODE = YES;
				CLANG_WARN__DUPLICATE_METHOD_MATCH = YES;
				CODE_SIGN_IDENTITY = "Developer ID Application";
				COPY_PHASE_STRIP = NO;
				DEBUG_INFORMATION_FORMAT = dwarf;
				ENABLE_STRICT_OBJC_MSGSEND = YES;
				ENABLE_TESTABILITY = YES;
				GCC_C_LANGUAGE_STANDARD = gnu11;
				GCC_DYNAMIC_NO_PIC = NO;
				GCC_NO_COMMON_BLOCKS = YES;
				GCC_OPTIMIZATION_LEVEL = 0;
				GCC_PREPROCESSOR_DEFINITIONS = (
					"DEBUG=1",
					"$(inherited)",
				);
				GCC_WARN_64_TO_32_BIT_CONVERSION = YES;
				GCC_WARN_ABOUT_RETURN_TYPE = YES_ERROR;
				GCC_WARN_UNDECLARED_SELECTOR = YES;
				GCC_WARN_UNINITIALIZED_AUTOS = YES_AGGRESSIVE;
				GCC_WARN_UNUSED_FUNCTION = YES;
				GCC_WARN_UNUSED_VARIABLE = YES;
				INFOPLIST_EXPAND_BUILD_SETTINGS = NO;
				MACOSX_DEPLOYMENT_TARGET = 10.10;
				MTL_ENABLE_DEBUG_INFO = YES;
				ONLY_ACTIVE_ARCH = YES;
				SDKROOT = macosx;
				VERSIONING_SYSTEM = "apple-generic";
			};
			name = Debug;
		};
		F462A26A20E111D10062B230 /* Release */ = {
			isa = XCBuildConfiguration;
			buildSettings = {
				ALWAYS_SEARCH_USER_PATHS = NO;
				CLANG_ANALYZER_NONNULL = YES;
				CLANG_ANALYZER_NUMBER_OBJECT_CONVERSION = YES_AGGRESSIVE;
				CLANG_CXX_LANGUAGE_STANDARD = "gnu++14";
				CLANG_CXX_LIBRARY = "libc++";
				CLANG_ENABLE_MODULES = YES;
				CLANG_ENABLE_OBJC_ARC = YES;
				CLANG_ENABLE_OBJC_WEAK = YES;
				CLANG_WARN_BLOCK_CAPTURE_AUTORELEASING = YES;
				CLANG_WARN_BOOL_CONVERSION = YES;
				CLANG_WARN_COMMA = YES;
				CLANG_WARN_CONSTANT_CONVERSION = YES;
				CLANG_WARN_DEPRECATED_OBJC_IMPLEMENTATIONS = YES;
				CLANG_WARN_DIRECT_OBJC_ISA_USAGE = YES_ERROR;
				CLANG_WARN_DOCUMENTATION_COMMENTS = YES;
				CLANG_WARN_EMPTY_BODY = YES;
				CLANG_WARN_ENUM_CONVERSION = YES;
				CLANG_WARN_INFINITE_RECURSION = YES;
				CLANG_WARN_INT_CONVERSION = YES;
				CLANG_WARN_NON_LITERAL_NULL_CONVERSION = YES;
				CLANG_WARN_OBJC_IMPLICIT_RETAIN_SELF = NO;
				CLANG_WARN_OBJC_LITERAL_CONVERSION = YES;
				CLANG_WARN_OBJC_ROOT_CLASS = YES_ERROR;
				CLANG_WARN_RANGE_LOOP_ANALYSIS = YES;
				CLANG_WARN_STRICT_PROTOTYPES = YES;
				CLANG_WARN_SUSPICIOUS_MOVE = YES;
				CLANG_WARN_UNGUARDED_AVAILABILITY = YES_AGGRESSIVE;
				CLANG_WARN_UNREACHABLE_CODE = YES;
				CLANG_WARN__DUPLICATE_METHOD_MATCH = YES;
				CODE_SIGN_IDENTITY = "Developer ID Application";
				COPY_PHASE_STRIP = YES;
				DEAD_CODE_STRIPPING = YES;
				DEBUG_INFORMATION_FORMAT = "dwarf-with-dsym";
				ENABLE_NS_ASSERTIONS = NO;
				ENABLE_STRICT_OBJC_MSGSEND = YES;
				GCC_C_LANGUAGE_STANDARD = gnu11;
				GCC_NO_COMMON_BLOCKS = YES;
				GCC_WARN_64_TO_32_BIT_CONVERSION = YES;
				GCC_WARN_ABOUT_RETURN_TYPE = YES_ERROR;
				GCC_WARN_UNDECLARED_SELECTOR = YES;
				GCC_WARN_UNINITIALIZED_AUTOS = YES_AGGRESSIVE;
				GCC_WARN_UNUSED_FUNCTION = YES;
				GCC_WARN_UNUSED_VARIABLE = YES;
				INFOPLIST_EXPAND_BUILD_SETTINGS = NO;
				MACOSX_DEPLOYMENT_TARGET = 10.10;
				MTL_ENABLE_DEBUG_INFO = NO;
				SDKROOT = macosx;
				VERSIONING_SYSTEM = "apple-generic";
			};
			name = Release;
		};
		F462A26C20E111D10062B230 /* Debug */ = {
			isa = XCBuildConfiguration;
			buildSettings = {
				ASSETCATALOG_COMPILER_APPICON_NAME = AppIcon;
				CODE_SIGN_ENTITLEMENTS = "";
				CODE_SIGN_IDENTITY = "Developer ID Application";
				CODE_SIGN_STYLE = Manual;
				COMBINE_HIDPI_IMAGES = YES;
				DEPLOYMENT_POSTPROCESSING = NO;
				DEVELOPMENT_TEAM = 5WX26Y89JP;
				FRAMEWORK_SEARCH_PATHS = (
					"$(inherited)",
					"$(PROJECT_DIR)/Sparkle",
					"$(PROJECT_DIR)/Frameworks",
				);
				GENERATE_PKGINFO_FILE = NO;
				GENERATE_PROFILING_CODE = YES;
				INFOPLIST_FILE = "$(SRCROOT)/KatSearch/Resources/Info.plist";
				INFOPLIST_OUTPUT_FORMAT = binary;
				LD_RUNPATH_SEARCH_PATHS = (
					"$(inherited)",
					"@executable_path/../Frameworks",
				);
				MACOSX_DEPLOYMENT_TARGET = 10.11;
				PRODUCT_BUNDLE_IDENTIFIER = org.sveinbjorn.KatSearch;
				PRODUCT_NAME = "$(TARGET_NAME)";
				PROVISIONING_PROFILE_SPECIFIER = "";
			};
			name = Debug;
		};
		F462A26D20E111D10062B230 /* Release */ = {
			isa = XCBuildConfiguration;
			buildSettings = {
				ASSETCATALOG_COMPILER_APPICON_NAME = AppIcon;
				CODE_SIGN_ENTITLEMENTS = "";
				CODE_SIGN_IDENTITY = "Developer ID Application";
				CODE_SIGN_STYLE = Manual;
				COMBINE_HIDPI_IMAGES = YES;
				DEPLOYMENT_POSTPROCESSING = YES;
				DEVELOPMENT_TEAM = 5WX26Y89JP;
				FRAMEWORK_SEARCH_PATHS = (
					"$(inherited)",
					"$(PROJECT_DIR)/Sparkle",
					"$(PROJECT_DIR)/Frameworks",
				);
				GENERATE_PKGINFO_FILE = NO;
				INFOPLIST_FILE = "$(SRCROOT)/KatSearch/Resources/Info.plist";
				INFOPLIST_OUTPUT_FORMAT = binary;
				LD_RUNPATH_SEARCH_PATHS = (
					"$(inherited)",
					"@executable_path/../Frameworks",
				);
				MACOSX_DEPLOYMENT_TARGET = 10.11;
				PRODUCT_BUNDLE_IDENTIFIER = org.sveinbjorn.KatSearch;
				PRODUCT_NAME = "$(TARGET_NAME)";
				PROVISIONING_PROFILE_SPECIFIER = "";
				STRIPFLAGS = "-x";
			};
			name = Release;
		};
/* End XCBuildConfiguration section */

/* Begin XCConfigurationList section */
		F462A25520E111CF0062B230 /* Build configuration list for PBXProject "KatSearch" */ = {
			isa = XCConfigurationList;
			buildConfigurations = (
				F462A26920E111D10062B230 /* Debug */,
				F462A26A20E111D10062B230 /* Release */,
			);
			defaultConfigurationIsVisible = 0;
			defaultConfigurationName = Release;
		};
		F462A26B20E111D10062B230 /* Build configuration list for PBXNativeTarget "KatSearch" */ = {
			isa = XCConfigurationList;
			buildConfigurations = (
				F462A26C20E111D10062B230 /* Debug */,
				F462A26D20E111D10062B230 /* Release */,
			);
			defaultConfigurationIsVisible = 0;
			defaultConfigurationName = Release;
		};
/* End XCConfigurationList section */
	};
	rootObject = F462A25220E111CF0062B230 /* Project object */;
}
